# This file is automatically @generated by Cargo.
# It is not intended for manual editing.
version = 3

[[package]]
name = "basic_screen_manager"
version = "0.1.0"
dependencies = [
 "raylib",
]

[[package]]
name = "basic_window"
version = "0.1.0"
dependencies = [
 "raylib",
]

[[package]]
name = "raylib"
version = "0.1.0"
